# THIS IS AN AUTOGENERATED FILE. DO NOT EDIT THIS FILE DIRECTLY.
# yarn lockfile v1


array-flat-polyfill@^1.0.1:
  version "1.0.1"
  resolved "https://registry.yarnpkg.com/array-flat-polyfill/-/array-flat-polyfill-1.0.1.tgz#1e3a4255be619dfbffbfd1d635c1cf357cd034e7"
  integrity sha512-hfJmKupmQN0lwi0xG6FQ5U8Rd97RnIERplymOv/qpq8AoNKPPAnxJadjFA23FNWm88wykh9HmpLJUUwUtNU/iw==

punycode@^2.1.1:
  version "2.1.1"
  resolved "https://registry.yarnpkg.com/punycode/-/punycode-2.1.1.tgz#b58b010ac40c22c5657616c8d2c2c02c7bf479ec"
  integrity sha512-XRsRjdf+j5ml+y/6GKHPZbrF/8p2Yga0JPtdqTIY2Xe5ohJPD9saDJJLPvp9+NSBprVvevdXZybnj2cv8OEd0A==
